// !$*UTF8*$!
{
	archiveVersion = 1;
	classes = {
	};
	objectVersion = 46;
	objects = {

/* Begin PBXBuildFile section */
		166786DE187C24A3009EC5E0 /* FirstTabViewController.m in Sources */ = {isa = PBXBuildFile; fileRef = 166786DD187C24A3009EC5E0 /* FirstTabViewController.m */; };
		166786E1187C24BA009EC5E0 /* SecondTabViewController.m in Sources */ = {isa = PBXBuildFile; fileRef = 166786E0187C24BA009EC5E0 /* SecondTabViewController.m */; };
		166786E4187C24C9009EC5E0 /* ThirdTabViewController.m in Sources */ = {isa = PBXBuildFile; fileRef = 166786E3187C24C9009EC5E0 /* ThirdTabViewController.m */; };
		166786E7187C24D4009EC5E0 /* ForthTabViewController.m in Sources */ = {isa = PBXBuildFile; fileRef = 166786E6187C24D4009EC5E0 /* ForthTabViewController.m */; };
		1687EB14187AE02B00DDE326 /* Foundation.framework in Frameworks */ = {isa = PBXBuildFile; fileRef = 1687EB13187AE02B00DDE326 /* Foundation.framework */; };
		1687EB16187AE02B00DDE326 /* CoreGraphics.framework in Frameworks */ = {isa = PBXBuildFile; fileRef = 1687EB15187AE02B00DDE326 /* CoreGraphics.framework */; };
		1687EB18187AE02B00DDE326 /* UIKit.framework in Frameworks */ = {isa = PBXBuildFile; fileRef = 1687EB17187AE02B00DDE326 /* UIKit.framework */; };
		1687EB1E187AE02B00DDE326 /* InfoPlist.strings in Resources */ = {isa = PBXBuildFile; fileRef = 1687EB1C187AE02B00DDE326 /* InfoPlist.strings */; };
		1687EB20187AE02B00DDE326 /* main.m in Sources */ = {isa = PBXBuildFile; fileRef = 1687EB1F187AE02B00DDE326 /* main.m */; };
		1687EB24187AE02B00DDE326 /* AppDelegate.m in Sources */ = {isa = PBXBuildFile; fileRef = 1687EB23187AE02B00DDE326 /* AppDelegate.m */; };
		1687EB27187AE02B00DDE326 /* Main.storyboard in Resources */ = {isa = PBXBuildFile; fileRef = 1687EB25187AE02B00DDE326 /* Main.storyboard */; };
		1687EB2F187AE02B00DDE326 /* Images.xcassets in Resources */ = {isa = PBXBuildFile; fileRef = 1687EB2E187AE02B00DDE326 /* Images.xcassets */; };
		1687EB36187AE02B00DDE326 /* XCTest.framework in Frameworks */ = {isa = PBXBuildFile; fileRef = 1687EB35187AE02B00DDE326 /* XCTest.framework */; };
		1687EB37187AE02B00DDE326 /* Foundation.framework in Frameworks */ = {isa = PBXBuildFile; fileRef = 1687EB13187AE02B00DDE326 /* Foundation.framework */; };
		1687EB38187AE02B00DDE326 /* UIKit.framework in Frameworks */ = {isa = PBXBuildFile; fileRef = 1687EB17187AE02B00DDE326 /* UIKit.framework */; };
		1687EB40187AE02B00DDE326 /* InfoPlist.strings in Resources */ = {isa = PBXBuildFile; fileRef = 1687EB3E187AE02B00DDE326 /* InfoPlist.strings */; };
		1687EB42187AE02B00DDE326 /* iOS7UITableViewTests.m in Sources */ = {isa = PBXBuildFile; fileRef = 1687EB41187AE02B00DDE326 /* iOS7UITableViewTests.m */; };
		1687EB4D187AE0EF00DDE326 /* CommonUI.m in Sources */ = {isa = PBXBuildFile; fileRef = 1687EB4C187AE0EF00DDE326 /* CommonUI.m */; };
		1687EB50187AE27600DDE326 /* CommonTableViewCell.m in Sources */ = {isa = PBXBuildFile; fileRef = 1687EB4F187AE27600DDE326 /* CommonTableViewCell.m */; };
		1687EB53187AE2F600DDE326 /* CommonTableView.m in Sources */ = {isa = PBXBuildFile; fileRef = 1687EB52187AE2F600DDE326 /* CommonTableView.m */; };
		1687EB58187AEE0900DDE326 /* CommonCellBackgroundViewHelper.m in Sources */ = {isa = PBXBuildFile; fileRef = 1687EB57187AEE0900DDE326 /* CommonCellBackgroundViewHelper.m */; };
		1687EB5B187AF92600DDE326 /* CommonViewController.m in Sources */ = {isa = PBXBuildFile; fileRef = 1687EB5A187AF92600DDE326 /* CommonViewController.m */; };
		1687EB5E187AFA5400DDE326 /* CommonTableViewController.m in Sources */ = {isa = PBXBuildFile; fileRef = 1687EB5D187AFA5400DDE326 /* CommonTableViewController.m */; };
/* End PBXBuildFile section */

/* Begin PBXContainerItemProxy section */
		1687EB39187AE02B00DDE326 /* PBXContainerItemProxy */ = {
			isa = PBXContainerItemProxy;
			containerPortal = 1687EB08187AE02B00DDE326 /* Project object */;
			proxyType = 1;
			remoteGlobalIDString = 1687EB0F187AE02B00DDE326;
			remoteInfo = iOS7UITableView;
		};
/* End PBXContainerItemProxy section */

/* Begin PBXFileReference section */
		166786DC187C24A3009EC5E0 /* FirstTabViewController.h */ = {isa = PBXFileReference; fileEncoding = 4; lastKnownFileType = sourcecode.c.h; path = FirstTabViewController.h; sourceTree = "<group>"; };
		166786DD187C24A3009EC5E0 /* FirstTabViewController.m */ = {isa = PBXFileReference; fileEncoding = 4; lastKnownFileType = sourcecode.c.objc; path = FirstTabViewController.m; sourceTree = "<group>"; };
		166786DF187C24BA009EC5E0 /* SecondTabViewController.h */ = {isa = PBXFileReference; fileEncoding = 4; lastKnownFileType = sourcecode.c.h; path = SecondTabViewController.h; sourceTree = "<group>"; };
		166786E0187C24BA009EC5E0 /* SecondTabViewController.m */ = {isa = PBXFileReference; fileEncoding = 4; lastKnownFileType = sourcecode.c.objc; path = SecondTabViewController.m; sourceTree = "<group>"; };
		166786E2187C24C9009EC5E0 /* ThirdTabViewController.h */ = {isa = PBXFileReference; fileEncoding = 4; lastKnownFileType = sourcecode.c.h; path = ThirdTabViewController.h; sourceTree = "<group>"; };
		166786E3187C24C9009EC5E0 /* ThirdTabViewController.m */ = {isa = PBXFileReference; fileEncoding = 4; lastKnownFileType = sourcecode.c.objc; path = ThirdTabViewController.m; sourceTree = "<group>"; };
		166786E5187C24D4009EC5E0 /* ForthTabViewController.h */ = {isa = PBXFileReference; fileEncoding = 4; lastKnownFileType = sourcecode.c.h; path = ForthTabViewController.h; sourceTree = "<group>"; };
		166786E6187C24D4009EC5E0 /* ForthTabViewController.m */ = {isa = PBXFileReference; fileEncoding = 4; lastKnownFileType = sourcecode.c.objc; path = ForthTabViewController.m; sourceTree = "<group>"; };
		1687EB10187AE02B00DDE326 /* iOS7UITableView.app */ = {isa = PBXFileReference; explicitFileType = wrapper.application; includeInIndex = 0; path = iOS7UITableView.app; sourceTree = BUILT_PRODUCTS_DIR; };
		1687EB13187AE02B00DDE326 /* Foundation.framework */ = {isa = PBXFileReference; lastKnownFileType = wrapper.framework; name = Foundation.framework; path = System/Library/Frameworks/Foundation.framework; sourceTree = SDKROOT; };
		1687EB15187AE02B00DDE326 /* CoreGraphics.framework */ = {isa = PBXFileReference; lastKnownFileType = wrapper.framework; name = CoreGraphics.framework; path = System/Library/Frameworks/CoreGraphics.framework; sourceTree = SDKROOT; };
		1687EB17187AE02B00DDE326 /* UIKit.framework */ = {isa = PBXFileReference; lastKnownFileType = wrapper.framework; name = UIKit.framework; path = System/Library/Frameworks/UIKit.framework; sourceTree = SDKROOT; };
		1687EB1B187AE02B00DDE326 /* iOS7UITableView-Info.plist */ = {isa = PBXFileReference; lastKnownFileType = text.plist.xml; path = "iOS7UITableView-Info.plist"; sourceTree = "<group>"; };
		1687EB1D187AE02B00DDE326 /* en */ = {isa = PBXFileReference; lastKnownFileType = text.plist.strings; name = en; path = en.lproj/InfoPlist.strings; sourceTree = "<group>"; };
		1687EB1F187AE02B00DDE326 /* main.m */ = {isa = PBXFileReference; lastKnownFileType = sourcecode.c.objc; path = main.m; sourceTree = "<group>"; };
		1687EB21187AE02B00DDE326 /* iOS7UITableView-Prefix.pch */ = {isa = PBXFileReference; lastKnownFileType = sourcecode.c.h; path = "iOS7UITableView-Prefix.pch"; sourceTree = "<group>"; };
		1687EB22187AE02B00DDE326 /* AppDelegate.h */ = {isa = PBXFileReference; lastKnownFileType = sourcecode.c.h; path = AppDelegate.h; sourceTree = "<group>"; };
		1687EB23187AE02B00DDE326 /* AppDelegate.m */ = {isa = PBXFileReference; lastKnownFileType = sourcecode.c.objc; path = AppDelegate.m; sourceTree = "<group>"; };
		1687EB26187AE02B00DDE326 /* Base */ = {isa = PBXFileReference; lastKnownFileType = file.storyboard; name = Base; path = Base.lproj/Main.storyboard; sourceTree = "<group>"; };
		1687EB2E187AE02B00DDE326 /* Images.xcassets */ = {isa = PBXFileReference; lastKnownFileType = folder.assetcatalog; path = Images.xcassets; sourceTree = "<group>"; };
		1687EB34187AE02B00DDE326 /* iOS7UITableViewTests.xctest */ = {isa = PBXFileReference; explicitFileType = wrapper.cfbundle; includeInIndex = 0; path = iOS7UITableViewTests.xctest; sourceTree = BUILT_PRODUCTS_DIR; };
		1687EB35187AE02B00DDE326 /* XCTest.framework */ = {isa = PBXFileReference; lastKnownFileType = wrapper.framework; name = XCTest.framework; path = Library/Frameworks/XCTest.framework; sourceTree = DEVELOPER_DIR; };
		1687EB3D187AE02B00DDE326 /* iOS7UITableViewTests-Info.plist */ = {isa = PBXFileReference; lastKnownFileType = text.plist.xml; path = "iOS7UITableViewTests-Info.plist"; sourceTree = "<group>"; };
		1687EB3F187AE02B00DDE326 /* en */ = {isa = PBXFileReference; lastKnownFileType = text.plist.strings; name = en; path = en.lproj/InfoPlist.strings; sourceTree = "<group>"; };
		1687EB41187AE02B00DDE326 /* iOS7UITableViewTests.m */ = {isa = PBXFileReference; lastKnownFileType = sourcecode.c.objc; path = iOS7UITableViewTests.m; sourceTree = "<group>"; };
		1687EB4B187AE0EF00DDE326 /* CommonUI.h */ = {isa = PBXFileReference; fileEncoding = 4; lastKnownFileType = sourcecode.c.h; path = CommonUI.h; sourceTree = "<group>"; };
		1687EB4C187AE0EF00DDE326 /* CommonUI.m */ = {isa = PBXFileReference; fileEncoding = 4; lastKnownFileType = sourcecode.c.objc; path = CommonUI.m; sourceTree = "<group>"; };
		1687EB4E187AE27600DDE326 /* CommonTableViewCell.h */ = {isa = PBXFileReference; fileEncoding = 4; lastKnownFileType = sourcecode.c.h; path = CommonTableViewCell.h; sourceTree = "<group>"; };
		1687EB4F187AE27600DDE326 /* CommonTableViewCell.m */ = {isa = PBXFileReference; fileEncoding = 4; lastKnownFileType = sourcecode.c.objc; path = CommonTableViewCell.m; sourceTree = "<group>"; };
		1687EB51187AE2F600DDE326 /* CommonTableView.h */ = {isa = PBXFileReference; fileEncoding = 4; lastKnownFileType = sourcecode.c.h; path = CommonTableView.h; sourceTree = "<group>"; };
		1687EB52187AE2F600DDE326 /* CommonTableView.m */ = {isa = PBXFileReference; fileEncoding = 4; lastKnownFileType = sourcecode.c.objc; path = CommonTableView.m; sourceTree = "<group>"; };
		1687EB56187AEE0900DDE326 /* CommonCellBackgroundViewHelper.h */ = {isa = PBXFileReference; fileEncoding = 4; lastKnownFileType = sourcecode.c.h; path = CommonCellBackgroundViewHelper.h; sourceTree = "<group>"; };
		1687EB57187AEE0900DDE326 /* CommonCellBackgroundViewHelper.m */ = {isa = PBXFileReference; fileEncoding = 4; lastKnownFileType = sourcecode.c.objc; path = CommonCellBackgroundViewHelper.m; sourceTree = "<group>"; };
		1687EB59187AF92600DDE326 /* CommonViewController.h */ = {isa = PBXFileReference; fileEncoding = 4; lastKnownFileType = sourcecode.c.h; path = CommonViewController.h; sourceTree = "<group>"; };
		1687EB5A187AF92600DDE326 /* CommonViewController.m */ = {isa = PBXFileReference; fileEncoding = 4; lastKnownFileType = sourcecode.c.objc; path = CommonViewController.m; sourceTree = "<group>"; };
		1687EB5C187AFA5400DDE326 /* CommonTableViewController.h */ = {isa = PBXFileReference; fileEncoding = 4; lastKnownFileType = sourcecode.c.h; path = CommonTableViewController.h; sourceTree = "<group>"; };
		1687EB5D187AFA5400DDE326 /* CommonTableViewController.m */ = {isa = PBXFileReference; fileEncoding = 4; lastKnownFileType = sourcecode.c.objc; path = CommonTableViewController.m; sourceTree = "<group>"; };
/* End PBXFileReference section */

/* Begin PBXFrameworksBuildPhase section */
		1687EB0D187AE02B00DDE326 /* Frameworks */ = {
			isa = PBXFrameworksBuildPhase;
			buildActionMask = 2147483647;
			files = (
				1687EB16187AE02B00DDE326 /* CoreGraphics.framework in Frameworks */,
				1687EB18187AE02B00DDE326 /* UIKit.framework in Frameworks */,
				1687EB14187AE02B00DDE326 /* Foundation.framework in Frameworks */,
			);
			runOnlyForDeploymentPostprocessing = 0;
		};
		1687EB31187AE02B00DDE326 /* Frameworks */ = {
			isa = PBXFrameworksBuildPhase;
			buildActionMask = 2147483647;
			files = (
				1687EB36187AE02B00DDE326 /* XCTest.framework in Frameworks */,
				1687EB38187AE02B00DDE326 /* UIKit.framework in Frameworks */,
				1687EB37187AE02B00DDE326 /* Foundation.framework in Frameworks */,
			);
			runOnlyForDeploymentPostprocessing = 0;
		};
/* End PBXFrameworksBuildPhase section */

/* Begin PBXGroup section */
		1687EB07187AE02B00DDE326 = {
			isa = PBXGroup;
			children = (
				1687EB19187AE02B00DDE326 /* iOS7UITableView */,
				1687EB3B187AE02B00DDE326 /* iOS7UITableViewTests */,
				1687EB12187AE02B00DDE326 /* Frameworks */,
				1687EB11187AE02B00DDE326 /* Products */,
			);
			sourceTree = "<group>";
		};
		1687EB11187AE02B00DDE326 /* Products */ = {
			isa = PBXGroup;
			children = (
				1687EB10187AE02B00DDE326 /* iOS7UITableView.app */,
				1687EB34187AE02B00DDE326 /* iOS7UITableViewTests.xctest */,
			);
			name = Products;
			sourceTree = "<group>";
		};
		1687EB12187AE02B00DDE326 /* Frameworks */ = {
			isa = PBXGroup;
			children = (
				1687EB13187AE02B00DDE326 /* Foundation.framework */,
				1687EB15187AE02B00DDE326 /* CoreGraphics.framework */,
				1687EB17187AE02B00DDE326 /* UIKit.framework */,
				1687EB35187AE02B00DDE326 /* XCTest.framework */,
			);
			name = Frameworks;
			sourceTree = "<group>";
		};
		1687EB19187AE02B00DDE326 /* iOS7UITableView */ = {
			isa = PBXGroup;
			children = (
				1687EB22187AE02B00DDE326 /* AppDelegate.h */,
				1687EB23187AE02B00DDE326 /* AppDelegate.m */,
				16CF71B6187DACC00034FC32 /* Controller */,
				16CF71B5187DACA00034FC32 /* Common */,
				1687EB1A187AE02B00DDE326 /* Supporting Files */,
				1687EB25187AE02B00DDE326 /* Main.storyboard */,
				1687EB2E187AE02B00DDE326 /* Images.xcassets */,
			);
			path = iOS7UITableView;
			sourceTree = "<group>";
		};
		1687EB1A187AE02B00DDE326 /* Supporting Files */ = {
			isa = PBXGroup;
			children = (
				1687EB1B187AE02B00DDE326 /* iOS7UITableView-Info.plist */,
				1687EB1C187AE02B00DDE326 /* InfoPlist.strings */,
				1687EB1F187AE02B00DDE326 /* main.m */,
				1687EB21187AE02B00DDE326 /* iOS7UITableView-Prefix.pch */,
			);
			name = "Supporting Files";
			sourceTree = "<group>";
		};
		1687EB3B187AE02B00DDE326 /* iOS7UITableViewTests */ = {
			isa = PBXGroup;
			children = (
				1687EB41187AE02B00DDE326 /* iOS7UITableViewTests.m */,
				1687EB3C187AE02B00DDE326 /* Supporting Files */,
			);
			path = iOS7UITableViewTests;
			sourceTree = "<group>";
		};
		1687EB3C187AE02B00DDE326 /* Supporting Files */ = {
			isa = PBXGroup;
			children = (
				1687EB3D187AE02B00DDE326 /* iOS7UITableViewTests-Info.plist */,
				1687EB3E187AE02B00DDE326 /* InfoPlist.strings */,
			);
			name = "Supporting Files";
			sourceTree = "<group>";
		};
		16CF71B5187DACA00034FC32 /* Common */ = {
			isa = PBXGroup;
			children = (
				1687EB59187AF92600DDE326 /* CommonViewController.h */,
				1687EB5A187AF92600DDE326 /* CommonViewController.m */,
				1687EB5C187AFA5400DDE326 /* CommonTableViewController.h */,
				1687EB5D187AFA5400DDE326 /* CommonTableViewController.m */,
				1687EB4B187AE0EF00DDE326 /* CommonUI.h */,
				1687EB4C187AE0EF00DDE326 /* CommonUI.m */,
				1687EB4E187AE27600DDE326 /* CommonTableViewCell.h */,
				1687EB4F187AE27600DDE326 /* CommonTableViewCell.m */,
				1687EB51187AE2F600DDE326 /* CommonTableView.h */,
				1687EB52187AE2F600DDE326 /* CommonTableView.m */,
				1687EB56187AEE0900DDE326 /* CommonCellBackgroundViewHelper.h */,
				1687EB57187AEE0900DDE326 /* CommonCellBackgroundViewHelper.m */,
			);
			name = Common;
			sourceTree = "<group>";
		};
		16CF71B6187DACC00034FC32 /* Controller */ = {
			isa = PBXGroup;
			children = (
				166786DC187C24A3009EC5E0 /* FirstTabViewController.h */,
				166786DD187C24A3009EC5E0 /* FirstTabViewController.m */,
				166786DF187C24BA009EC5E0 /* SecondTabViewController.h */,
				166786E0187C24BA009EC5E0 /* SecondTabViewController.m */,
				166786E2187C24C9009EC5E0 /* ThirdTabViewController.h */,
				166786E3187C24C9009EC5E0 /* ThirdTabViewController.m */,
				166786E5187C24D4009EC5E0 /* ForthTabViewController.h */,
				166786E6187C24D4009EC5E0 /* ForthTabViewController.m */,
			);
			name = Controller;
			sourceTree = "<group>";
		};
/* End PBXGroup section */

/* Begin PBXNativeTarget section */
		1687EB0F187AE02B00DDE326 /* iOS7UITableView */ = {
			isa = PBXNativeTarget;
			buildConfigurationList = 1687EB45187AE02C00DDE326 /* Build configuration list for PBXNativeTarget "iOS7UITableView" */;
			buildPhases = (
				1687EB0C187AE02B00DDE326 /* Sources */,
				1687EB0D187AE02B00DDE326 /* Frameworks */,
				1687EB0E187AE02B00DDE326 /* Resources */,
			);
			buildRules = (
			);
			dependencies = (
			);
			name = iOS7UITableView;
			productName = iOS7UITableView;
			productReference = 1687EB10187AE02B00DDE326 /* iOS7UITableView.app */;
			productType = "com.apple.product-type.application";
		};
		1687EB33187AE02B00DDE326 /* iOS7UITableViewTests */ = {
			isa = PBXNativeTarget;
			buildConfigurationList = 1687EB48187AE02C00DDE326 /* Build configuration list for PBXNativeTarget "iOS7UITableViewTests" */;
			buildPhases = (
				1687EB30187AE02B00DDE326 /* Sources */,
				1687EB31187AE02B00DDE326 /* Frameworks */,
				1687EB32187AE02B00DDE326 /* Resources */,
			);
			buildRules = (
			);
			dependencies = (
				1687EB3A187AE02B00DDE326 /* PBXTargetDependency */,
			);
			name = iOS7UITableViewTests;
			productName = iOS7UITableViewTests;
			productReference = 1687EB34187AE02B00DDE326 /* iOS7UITableViewTests.xctest */;
			productType = "com.apple.product-type.bundle.unit-test";
		};
/* End PBXNativeTarget section */

/* Begin PBXProject section */
		1687EB08187AE02B00DDE326 /* Project object */ = {
			isa = PBXProject;
			attributes = {
				LastUpgradeCheck = 0500;
				ORGANIZATIONNAME = zhoon;
				TargetAttributes = {
					1687EB33187AE02B00DDE326 = {
						TestTargetID = 1687EB0F187AE02B00DDE326;
					};
				};
			};
			buildConfigurationList = 1687EB0B187AE02B00DDE326 /* Build configuration list for PBXProject "iOS7UITableView" */;
			compatibilityVersion = "Xcode 3.2";
			developmentRegion = English;
			hasScannedForEncodings = 0;
			knownRegions = (
				en,
				Base,
			);
			mainGroup = 1687EB07187AE02B00DDE326;
			productRefGroup = 1687EB11187AE02B00DDE326 /* Products */;
			projectDirPath = "";
			projectRoot = "";
			targets = (
				1687EB0F187AE02B00DDE326 /* iOS7UITableView */,
				1687EB33187AE02B00DDE326 /* iOS7UITableViewTests */,
			);
		};
/* End PBXProject section */

/* Begin PBXResourcesBuildPhase section */
		1687EB0E187AE02B00DDE326 /* Resources */ = {
			isa = PBXResourcesBuildPhase;
			buildActionMask = 2147483647;
			files = (
				1687EB2F187AE02B00DDE326 /* Images.xcassets in Resources */,
				1687EB1E187AE02B00DDE326 /* InfoPlist.strings in Resources */,
				1687EB27187AE02B00DDE326 /* Main.storyboard in Resources */,
			);
			runOnlyForDeploymentPostprocessing = 0;
		};
		1687EB32187AE02B00DDE326 /* Resources */ = {
			isa = PBXResourcesBuildPhase;
			buildActionMask = 2147483647;
			files = (
				1687EB40187AE02B00DDE326 /* InfoPlist.strings in Resources */,
			);
			runOnlyForDeploymentPostprocessing = 0;
		};
/* End PBXResourcesBuildPhase section */

/* Begin PBXSourcesBuildPhase section */
		1687EB0C187AE02B00DDE326 /* Sources */ = {
			isa = PBXSourcesBuildPhase;
			buildActionMask = 2147483647;
			files = (
				166786E1187C24BA009EC5E0 /* SecondTabViewController.m in Sources */,
				1687EB50187AE27600DDE326 /* CommonTableViewCell.m in Sources */,
				1687EB5B187AF92600DDE326 /* CommonViewController.m in Sources */,
				166786DE187C24A3009EC5E0 /* FirstTabViewController.m in Sources */,
				166786E7187C24D4009EC5E0 /* ForthTabViewController.m in Sources */,
				1687EB53187AE2F600DDE326 /* CommonTableView.m in Sources */,
				1687EB58187AEE0900DDE326 /* CommonCellBackgroundViewHelper.m in Sources */,
				1687EB24187AE02B00DDE326 /* AppDelegate.m in Sources */,
				166786E4187C24C9009EC5E0 /* ThirdTabViewController.m in Sources */,
				1687EB4D187AE0EF00DDE326 /* CommonUI.m in Sources */,
				1687EB5E187AFA5400DDE326 /* CommonTableViewController.m in Sources */,
				1687EB20187AE02B00DDE326 /* main.m in Sources */,
			);
			runOnlyForDeploymentPostprocessing = 0;
		};
		1687EB30187AE02B00DDE326 /* Sources */ = {
			isa = PBXSourcesBuildPhase;
			buildActionMask = 2147483647;
			files = (
				1687EB42187AE02B00DDE326 /* iOS7UITableViewTests.m in Sources */,
			);
			runOnlyForDeploymentPostprocessing = 0;
		};
/* End PBXSourcesBuildPhase section */

/* Begin PBXTargetDependency section */
		1687EB3A187AE02B00DDE326 /* PBXTargetDependency */ = {
			isa = PBXTargetDependency;
			target = 1687EB0F187AE02B00DDE326 /* iOS7UITableView */;
			targetProxy = 1687EB39187AE02B00DDE326 /* PBXContainerItemProxy */;
		};
/* End PBXTargetDependency section */

/* Begin PBXVariantGroup section */
		1687EB1C187AE02B00DDE326 /* InfoPlist.strings */ = {
			isa = PBXVariantGroup;
			children = (
				1687EB1D187AE02B00DDE326 /* en */,
			);
			name = InfoPlist.strings;
			sourceTree = "<group>";
		};
		1687EB25187AE02B00DDE326 /* Main.storyboard */ = {
			isa = PBXVariantGroup;
			children = (
				1687EB26187AE02B00DDE326 /* Base */,
			);
			name = Main.storyboard;
			sourceTree = "<group>";
		};
		1687EB3E187AE02B00DDE326 /* InfoPlist.strings */ = {
			isa = PBXVariantGroup;
			children = (
				1687EB3F187AE02B00DDE326 /* en */,
			);
			name = InfoPlist.strings;
			sourceTree = "<group>";
		};
/* End PBXVariantGroup section */

/* Begin XCBuildConfiguration section */
		1687EB43187AE02C00DDE326 /* Debug */ = {
			isa = XCBuildConfiguration;
			buildSettings = {
				ALWAYS_SEARCH_USER_PATHS = NO;
				ARCHS = "$(ARCHS_STANDARD_INCLUDING_64_BIT)";
				CLANG_CXX_LANGUAGE_STANDARD = "gnu++0x";
				CLANG_CXX_LIBRARY = "libc++";
				CLANG_ENABLE_MODULES = YES;
				CLANG_ENABLE_OBJC_ARC = YES;
				CLANG_WARN_BOOL_CONVERSION = YES;
				CLANG_WARN_CONSTANT_CONVERSION = YES;
				CLANG_WARN_DIRECT_OBJC_ISA_USAGE = YES_ERROR;
				CLANG_WARN_EMPTY_BODY = YES;
				CLANG_WARN_ENUM_CONVERSION = YES;
				CLANG_WARN_INT_CONVERSION = YES;
				CLANG_WARN_OBJC_ROOT_CLASS = YES_ERROR;
				CLANG_WARN__DUPLICATE_METHOD_MATCH = YES;
				"CODE_SIGN_IDENTITY[sdk=iphoneos*]" = "iPhone Developer";
				COPY_PHASE_STRIP = NO;
				GCC_C_LANGUAGE_STANDARD = gnu99;
				GCC_DYNAMIC_NO_PIC = NO;
				GCC_OPTIMIZATION_LEVEL = 0;
				GCC_PREPROCESSOR_DEFINITIONS = (
					"DEBUG=1",
					"$(inherited)",
				);
				GCC_SYMBOLS_PRIVATE_EXTERN = NO;
				GCC_WARN_64_TO_32_BIT_CONVERSION = YES;
				GCC_WARN_ABOUT_RETURN_TYPE = YES_ERROR;
				GCC_WARN_UNDECLARED_SELECTOR = YES;
				GCC_WARN_UNINITIALIZED_AUTOS = YES;
				GCC_WARN_UNUSED_FUNCTION = YES;
				GCC_WARN_UNUSED_VARIABLE = YES;
				IPHONEOS_DEPLOYMENT_TARGET = 7.0;
				ONLY_ACTIVE_ARCH = YES;
				SDKROOT = iphoneos;
			};
			name = Debug;
		};
		1687EB44187AE02C00DDE326 /* Release */ = {
			isa = XCBuildConfiguration;
			buildSettings = {
				ALWAYS_SEARCH_USER_PATHS = NO;
				ARCHS = "$(ARCHS_STANDARD_INCLUDING_64_BIT)";
				CLANG_CXX_LANGUAGE_STANDARD = "gnu++0x";
				CLANG_CXX_LIBRARY = "libc++";
				CLANG_ENABLE_MODULES = YES;
				CLANG_ENABLE_OBJC_ARC = YES;
				CLANG_WARN_BOOL_CONVERSION = YES;
				CLANG_WARN_CONSTANT_CONVERSION = YES;
				CLANG_WARN_DIRECT_OBJC_ISA_USAGE = YES_ERROR;
				CLANG_WARN_EMPTY_BODY = YES;
				CLANG_WARN_ENUM_CONVERSION = YES;
				CLANG_WARN_INT_CONVERSION = YES;
				CLANG_WARN_OBJC_ROOT_CLASS = YES_ERROR;
				CLANG_WARN__DUPLICATE_METHOD_MATCH = YES;
				"CODE_SIGN_IDENTITY[sdk=iphoneos*]" = "iPhone Developer";
				COPY_PHASE_STRIP = YES;
				ENABLE_NS_ASSERTIONS = NO;
				GCC_C_LANGUAGE_STANDARD = gnu99;
				GCC_WARN_64_TO_32_BIT_CONVERSION = YES;
				GCC_WARN_ABOUT_RETURN_TYPE = YES_ERROR;
				GCC_WARN_UNDECLARED_SELECTOR = YES;
				GCC_WARN_UNINITIALIZED_AUTOS = YES;
				GCC_WARN_UNUSED_FUNCTION = YES;
				GCC_WARN_UNUSED_VARIABLE = YES;
				IPHONEOS_DEPLOYMENT_TARGET = 7.0;
				SDKROOT = iphoneos;
				VALIDATE_PRODUCT = YES;
			};
			name = Release;
		};
		1687EB46187AE02C00DDE326 /* Debug */ = {
			isa = XCBuildConfiguration;
			buildSettings = {
				ASSETCATALOG_COMPILER_APPICON_NAME = AppIcon;
				ASSETCATALOG_COMPILER_LAUNCHIMAGE_NAME = LaunchImage;
				GCC_PRECOMPILE_PREFIX_HEADER = YES;
				GCC_PREFIX_HEADER = "iOS7UITableView/iOS7UITableView-Prefix.pch";
				INFOPLIST_FILE = "iOS7UITableView/iOS7UITableView-Info.plist";
				IPHONEOS_DEPLOYMENT_TARGET = 6.1;
				PRODUCT_NAME = "$(TARGET_NAME)";
				WRAPPER_EXTENSION = app;
			};
			name = Debug;
		};
		1687EB47187AE02C00DDE326 /* Release */ = {
			isa = XCBuildConfiguration;
			buildSettings = {
				ASSETCATALOG_COMPILER_APPICON_NAME = AppIcon;
				ASSETCATALOG_COMPILER_LAUNCHIMAGE_NAME = LaunchImage;
				GCC_PRECOMPILE_PREFIX_HEADER = YES;
				GCC_PREFIX_HEADER = "iOS7UITableView/iOS7UITableView-Prefix.pch";
				INFOPLIST_FILE = "iOS7UITableView/iOS7UITableView-Info.plist";
				IPHONEOS_DEPLOYMENT_TARGET = 6.1;
				PRODUCT_NAME = "$(TARGET_NAME)";
				WRAPPER_EXTENSION = app;
			};
			name = Release;
		};
		1687EB49187AE02C00DDE326 /* Debug */ = {
			isa = XCBuildConfiguration;
			buildSettings = {
				ARCHS = "$(ARCHS_STANDARD_INCLUDING_64_BIT)";
				BUNDLE_LOADER = "$(BUILT_PRODUCTS_DIR)/iOS7UITableView.app/iOS7UITableView";
				FRAMEWORK_SEARCH_PATHS = (
					"$(SDKROOT)/Developer/Library/Frameworks",
					"$(inherited)",
					"$(DEVELOPER_FRAMEWORKS_DIR)",
				);
				GCC_PRECOMPILE_PREFIX_HEADER = YES;
				GCC_PREFIX_HEADER = "iOS7UITableView/iOS7UITableView-Prefix.pch";
				GCC_PREPROCESSOR_DEFINITIONS = (
					"DEBUG=1",
					"$(inherited)",
				);
				INFOPLIST_FILE = "iOS7UITableViewTests/iOS7UITableViewTests-Info.plist";
				PRODUCT_NAME = "$(TARGET_NAME)";
				TEST_HOST = "$(BUNDLE_LOADER)";
				WRAPPER_EXTENSION = xctest;
			};
			name = Debug;
		};
		1687EB4A187AE02C00DDE326 /* Release */ = {
			isa = XCBuildConfiguration;
			buildSettings = {
				ARCHS = "$(ARCHS_STANDARD_INCLUDING_64_BIT)";
				BUNDLE_LOADER = "$(BUILT_PRODUCTS_DIR)/iOS7UITableView.app/iOS7UITableView";
				FRAMEWORK_SEARCH_PATHS = (
					"$(SDKROOT)/Developer/Library/Frameworks",
					"$(inherited)",
					"$(DEVELOPER_FRAMEWORKS_DIR)",
				);
				GCC_PRECOMPILE_PREFIX_HEADER = YES;
				GCC_PREFIX_HEADER = "iOS7UITableView/iOS7UITableView-Prefix.pch";
				INFOPLIST_FILE = "iOS7UITableViewTests/iOS7UITableViewTests-Info.plist";
				PRODUCT_NAME = "$(TARGET_NAME)";
				TEST_HOST = "$(BUNDLE_LOADER)";
				WRAPPER_EXTENSION = xctest;
			};
			name = Release;
		};
/* End XCBuildConfiguration section */

/* Begin XCConfigurationList section */
		1687EB0B187AE02B00DDE326 /* Build configuration list for PBXProject "iOS7UITableView" */ = {
			isa = XCConfigurationList;
			buildConfigurations = (
				1687EB43187AE02C00DDE326 /* Debug */,
				1687EB44187AE02C00DDE326 /* Release */,
			);
			defaultConfigurationIsVisible = 0;
			defaultConfigurationName = Release;
		};
		1687EB45187AE02C00DDE326 /* Build configuration list for PBXNativeTarget "iOS7UITableView" */ = {
			isa = XCConfigurationList;
			buildConfigurations = (
				1687EB46187AE02C00DDE326 /* Debug */,
				1687EB47187AE02C00DDE326 /* Release */,
			);
			defaultConfigurationIsVisible = 0;
			defaultConfigurationName = Release;
		};
		1687EB48187AE02C00DDE326 /* Build configuration list for PBXNativeTarget "iOS7UITableViewTests" */ = {
			isa = XCConfigurationList;
			buildConfigurations = (
				1687EB49187AE02C00DDE326 /* Debug */,
				1687EB4A187AE02C00DDE326 /* Release */,
			);
			defaultConfigurationIsVisible = 0;
			defaultConfigurationName = Release;
		};
/* End XCConfigurationList section */
	};
	rootObject = 1687EB08187AE02B00DDE326 /* Project object */;
}
